github.com/google/uuid v1.3.0 h1:t6JiXgmwXMjEs8VusXIJk2BXHsn+wx8BZdTaoZ5fu7I=
github.com/google/uuid v1.3.0/go.mod h1:TIyPZe4MgqvfeYDBFedMoGGpEw/LqOeaOT+nhxU+yHo=
github.com/halliday/go-errors v0.0.0-20220713083132-31a287bba49c h1:a+1qWRKc/BKdTdT5T9fT7ooyKRudK5pDk4Pw/2IVXPc=
github.com/halliday/go-errors v0.0.0-20220713083132-31a287bba49c/go.mod h1:Y4T0LILKpT2p/mWVIFvbLR06QEiv3KA2yfVtOMyTCNc=
github.com/halliday/go-tools v0.0.0-20220713091444-ab87f65f61a8 h1:EBikEaGCFkEpHPWyih0fjTM6CG9MtIR/Gp9lT4QB1+4=
github.com/halliday/go-tools v0.0.0-20220713091444-ab87f65f61a8/go.mod h1:7HUWMK5H2sZyiVyV1iGIVodReuCGUvZJxm5m4jnDWBk=
